
Microsoft Visual Studio Solution File, Format Version 12.00
Project("{FAE04EC0-301F-11D3-BF4B-00C04F79EFBC}") = "EnvManager", "EnvManager\EnvManager.csproj", "{5D08E023-FF8B-4857-899A-CCFA60C8BC05}"
EndProject
Project("{FAE04EC0-301F-11D3-BF4B-00C04F79EFBC}") = "EnvTester", "EnvTester\EnvTester.csproj", "{DD48851A-1268-4B54-BADD-0B5109F23826}"
EndProject
Global
	GlobalSection(SolutionConfigurationPlatforms) = preSolution
		Debug|Any CPU = Debug|Any CPU
		Release|Any CPU = Release|Any CPU
	EndGlobalSection
	GlobalSection(ProjectConfigurationPlatforms) = postSolution
		{5D08E023-FF8B-4857-899A-CCFA60C8BC05}.Debug|Any CPU.ActiveCfg = Debug|Any CPU
		{5D08E023-FF8B-4857-899A-CCFA60C8BC05}.Debug|Any CPU.Build.0 = Debug|Any CPU
		{5D08E023-FF8B-4857-899A-CCFA60C8BC05}.Release|Any CPU.ActiveCfg = Release|Any CPU
		{5D08E023-FF8B-4857-899A-CCFA60C8BC05}.Release|Any CPU.Build.0 = Release|Any CPU
		{DD48851A-1268-4B54-BADD-0B5109F23826}.Debug|Any CPU.ActiveCfg = Debug|Any CPU
		{DD48851A-1268-4B54-BADD-0B5109F23826}.Debug|Any CPU.Build.0 = Debug|Any CPU
		{DD48851A-1268-4B54-BADD-0B5109F23826}.Release|Any CPU.ActiveCfg = Release|Any CPU
		{DD48851A-1268-4B54-BADD-0B5109F23826}.Release|Any CPU.Build.0 = Release|Any CPU
	EndGlobalSection
EndGlobal
